// !$*UTF8*$!
{
	archiveVersion = 1;
	classes = {
	};
	objectVersion = 51;
	objects = {

/* Begin PBXBuildFile section */
		4E32B016239047BC002F0FE0 /* Memory.swift in Sources */ = {isa = PBXBuildFile; fileRef = 4E32B015239047BC002F0FE0 /* Memory.swift */; };
		4E6992B6237DCB2600243400 /* SignUpViewController.swift in Sources */ = {isa = PBXBuildFile; fileRef = 4E6992B5237DCB2600243400 /* SignUpViewController.swift */; };
		4E6992B8237DCB4A00243400 /* HomeViewController.swift in Sources */ = {isa = PBXBuildFile; fileRef = 4E6992B7237DCB4A00243400 /* HomeViewController.swift */; };
		4E6992BA237DCC4000243400 /* AddMemoryViewController.swift in Sources */ = {isa = PBXBuildFile; fileRef = 4E6992B9237DCC4000243400 /* AddMemoryViewController.swift */; };
		4E6992BE237DCC8700243400 /* MemoryDetailViewController.swift in Sources */ = {isa = PBXBuildFile; fileRef = 4E6992BD237DCC8700243400 /* MemoryDetailViewController.swift */; };
		4E6992C0237DCCBA00243400 /* MemoryTableViewController.swift in Sources */ = {isa = PBXBuildFile; fileRef = 4E6992BF237DCCBA00243400 /* MemoryTableViewController.swift */; };
		4E6992C2237DCE1C00243400 /* MemoryMapViewController.swift in Sources */ = {isa = PBXBuildFile; fileRef = 4E6992C1237DCE1C00243400 /* MemoryMapViewController.swift */; };
		6E7EA8472386E2C10069DEF4 /* GoogleService-Info.plist in Resources */ = {isa = PBXBuildFile; fileRef = 6E7EA8462386E2C10069DEF4 /* GoogleService-Info.plist */; };
		6EF2CE8B2377BFC5005E64E4 /* AppDelegate.swift in Sources */ = {isa = PBXBuildFile; fileRef = 6EF2CE8A2377BFC5005E64E4 /* AppDelegate.swift */; };
		6EF2CE8D2377BFC5005E64E4 /* SceneDelegate.swift in Sources */ = {isa = PBXBuildFile; fileRef = 6EF2CE8C2377BFC5005E64E4 /* SceneDelegate.swift */; };
		6EF2CE8F2377BFC5005E64E4 /* SignInViewController.swift in Sources */ = {isa = PBXBuildFile; fileRef = 6EF2CE8E2377BFC5005E64E4 /* SignInViewController.swift */; };
		6EF2CE922377BFC5005E64E4 /* Main.storyboard in Resources */ = {isa = PBXBuildFile; fileRef = 6EF2CE902377BFC5005E64E4 /* Main.storyboard */; };
		6EF2CE942377BFC6005E64E4 /* Assets.xcassets in Resources */ = {isa = PBXBuildFile; fileRef = 6EF2CE932377BFC6005E64E4 /* Assets.xcassets */; };
		6EF2CE972377BFC6005E64E4 /* LaunchScreen.storyboard in Resources */ = {isa = PBXBuildFile; fileRef = 6EF2CE952377BFC6005E64E4 /* LaunchScreen.storyboard */; };
		D9CCB4D0FF75FDDAC90EEBDD /* Pods_MemoryBoxApp.framework in Frameworks */ = {isa = PBXBuildFile; fileRef = C49CE078B1E28F60B9767071 /* Pods_MemoryBoxApp.framework */; };
/* End PBXBuildFile section */

/* Begin PBXFileReference section */
		4E32B015239047BC002F0FE0 /* Memory.swift */ = {isa = PBXFileReference; lastKnownFileType = sourcecode.swift; path = Memory.swift; sourceTree = "<group>"; };
		4E6992B5237DCB2600243400 /* SignUpViewController.swift */ = {isa = PBXFileReference; lastKnownFileType = sourcecode.swift; path = SignUpViewController.swift; sourceTree = "<group>"; };
		4E6992B7237DCB4A00243400 /* HomeViewController.swift */ = {isa = PBXFileReference; lastKnownFileType = sourcecode.swift; path = HomeViewController.swift; sourceTree = "<group>"; };
		4E6992B9237DCC4000243400 /* AddMemoryViewController.swift */ = {isa = PBXFileReference; lastKnownFileType = sourcecode.swift; path = AddMemoryViewController.swift; sourceTree = "<group>"; };
		4E6992BD237DCC8700243400 /* MemoryDetailViewController.swift */ = {isa = PBXFileReference; lastKnownFileType = sourcecode.swift; path = MemoryDetailViewController.swift; sourceTree = "<group>"; };
		4E6992BF237DCCBA00243400 /* MemoryTableViewController.swift */ = {isa = PBXFileReference; lastKnownFileType = sourcecode.swift; path = MemoryTableViewController.swift; sourceTree = "<group>"; };
		4E6992C1237DCE1C00243400 /* MemoryMapViewController.swift */ = {isa = PBXFileReference; lastKnownFileType = sourcecode.swift; path = MemoryMapViewController.swift; sourceTree = "<group>"; };
		6E7EA8462386E2C10069DEF4 /* GoogleService-Info.plist */ = {isa = PBXFileReference; fileEncoding = 4; lastKnownFileType = text.plist.xml; path = "GoogleService-Info.plist"; sourceTree = "<group>"; };
		6EF2CE872377BFC5005E64E4 /* MemoryBoxApp.app */ = {isa = PBXFileReference; explicitFileType = wrapper.application; includeInIndex = 0; path = MemoryBoxApp.app; sourceTree = BUILT_PRODUCTS_DIR; };
		6EF2CE8A2377BFC5005E64E4 /* AppDelegate.swift */ = {isa = PBXFileReference; lastKnownFileType = sourcecode.swift; path = AppDelegate.swift; sourceTree = "<group>"; };
		6EF2CE8C2377BFC5005E64E4 /* SceneDelegate.swift */ = {isa = PBXFileReference; lastKnownFileType = sourcecode.swift; path = SceneDelegate.swift; sourceTree = "<group>"; };
		6EF2CE8E2377BFC5005E64E4 /* SignInViewController.swift */ = {isa = PBXFileReference; lastKnownFileType = sourcecode.swift; path = SignInViewController.swift; sourceTree = "<group>"; };
		6EF2CE912377BFC5005E64E4 /* Base */ = {isa = PBXFileReference; lastKnownFileType = file.storyboard; name = Base; path = Base.lproj/Main.storyboard; sourceTree = "<group>"; };
		6EF2CE932377BFC6005E64E4 /* Assets.xcassets */ = {isa = PBXFileReference; lastKnownFileType = folder.assetcatalog; path = Assets.xcassets; sourceTree = "<group>"; };
		6EF2CE962377BFC6005E64E4 /* Base */ = {isa = PBXFileReference; lastKnownFileType = file.storyboard; name = Base; path = Base.lproj/LaunchScreen.storyboard; sourceTree = "<group>"; };
		6EF2CE982377BFC6005E64E4 /* Info.plist */ = {isa = PBXFileReference; lastKnownFileType = text.plist.xml; path = Info.plist; sourceTree = "<group>"; };
		B9294CA68D7A51BBD50A6B42 /* Pods-MemoryBoxApp.release.xcconfig */ = {isa = PBXFileReference; includeInIndex = 1; lastKnownFileType = text.xcconfig; name = "Pods-MemoryBoxApp.release.xcconfig"; path = "Target Support Files/Pods-MemoryBoxApp/Pods-MemoryBoxApp.release.xcconfig"; sourceTree = "<group>"; };
		C49CE078B1E28F60B9767071 /* Pods_MemoryBoxApp.framework */ = {isa = PBXFileReference; explicitFileType = wrapper.framework; includeInIndex = 0; path = Pods_MemoryBoxApp.framework; sourceTree = BUILT_PRODUCTS_DIR; };
		F011A6FBDDB3EDCFCD9ED08A /* Pods-MemoryBoxApp.debug.xcconfig */ = {isa = PBXFileReference; includeInIndex = 1; lastKnownFileType = text.xcconfig; name = "Pods-MemoryBoxApp.debug.xcconfig"; path = "Target Support Files/Pods-MemoryBoxApp/Pods-MemoryBoxApp.debug.xcconfig"; sourceTree = "<group>"; };
/* End PBXFileReference section */

/* Begin PBXFrameworksBuildPhase section */
		6EF2CE842377BFC5005E64E4 /* Frameworks */ = {
			isa = PBXFrameworksBuildPhase;
			buildActionMask = 2147483647;
			files = (
				D9CCB4D0FF75FDDAC90EEBDD /* Pods_MemoryBoxApp.framework in Frameworks */,
			);
			runOnlyForDeploymentPostprocessing = 0;
		};
/* End PBXFrameworksBuildPhase section */

/* Begin PBXGroup section */
		40BDFC27B188E76B994022BD /* Frameworks */ = {
			isa = PBXGroup;
			children = (
				C49CE078B1E28F60B9767071 /* Pods_MemoryBoxApp.framework */,
			);
			name = Frameworks;
			sourceTree = "<group>";
		};
		4E6992B2237DCAA300243400 /* view */ = {
			isa = PBXGroup;
			children = (
				6EF2CE8E2377BFC5005E64E4 /* SignInViewController.swift */,
				4E6992B5237DCB2600243400 /* SignUpViewController.swift */,
				4E6992B7237DCB4A00243400 /* HomeViewController.swift */,
				4E6992B9237DCC4000243400 /* AddMemoryViewController.swift */,
				4E6992BD237DCC8700243400 /* MemoryDetailViewController.swift */,
				4E6992BF237DCCBA00243400 /* MemoryTableViewController.swift */,
				4E6992C1237DCE1C00243400 /* MemoryMapViewController.swift */,
			);
			path = view;
			sourceTree = "<group>";
		};
		4E6992B3237DCAA800243400 /* model */ = {
			isa = PBXGroup;
			children = (
				4E32B015239047BC002F0FE0 /* Memory.swift */,
			);
			path = model;
			sourceTree = "<group>";
		};
		4E6992B4237DCAAC00243400 /* controller */ = {
			isa = PBXGroup;
			children = (
			);
			path = controller;
			sourceTree = "<group>";
		};
		6EF2CE7E2377BFC5005E64E4 = {
			isa = PBXGroup;
			children = (
				6EF2CE892377BFC5005E64E4 /* MemoryBoxApp */,
				6EF2CE882377BFC5005E64E4 /* Products */,
				7F927ACBA807B16821F59634 /* Pods */,
				40BDFC27B188E76B994022BD /* Frameworks */,
			);
			sourceTree = "<group>";
		};
		6EF2CE882377BFC5005E64E4 /* Products */ = {
			isa = PBXGroup;
			children = (
				6EF2CE872377BFC5005E64E4 /* MemoryBoxApp.app */,
			);
			name = Products;
			sourceTree = "<group>";
		};
		6EF2CE892377BFC5005E64E4 /* MemoryBoxApp */ = {
			isa = PBXGroup;
			children = (
				4E6992B4237DCAAC00243400 /* controller */,
				4E6992B3237DCAA800243400 /* model */,
				4E6992B2237DCAA300243400 /* view */,
				6EF2CE8A2377BFC5005E64E4 /* AppDelegate.swift */,
				6EF2CE8C2377BFC5005E64E4 /* SceneDelegate.swift */,
				6EF2CE902377BFC5005E64E4 /* Main.storyboard */,
				6EF2CE932377BFC6005E64E4 /* Assets.xcassets */,
				6EF2CE952377BFC6005E64E4 /* LaunchScreen.storyboard */,
				6EF2CE982377BFC6005E64E4 /* Info.plist */,
				6E7EA8462386E2C10069DEF4 /* GoogleService-Info.plist */,
			);
			path = MemoryBoxApp;
			sourceTree = "<group>";
		};
		7F927ACBA807B16821F59634 /* Pods */ = {
			isa = PBXGroup;
			children = (
				F011A6FBDDB3EDCFCD9ED08A /* Pods-MemoryBoxApp.debug.xcconfig */,
				B9294CA68D7A51BBD50A6B42 /* Pods-MemoryBoxApp.release.xcconfig */,
			);
			path = Pods;
			sourceTree = "<group>";
		};
/* End PBXGroup section */

/* Begin PBXNativeTarget section */
		6EF2CE862377BFC5005E64E4 /* MemoryBoxApp */ = {
			isa = PBXNativeTarget;
			buildConfigurationList = 6EF2CE9B2377BFC6005E64E4 /* Build configuration list for PBXNativeTarget "MemoryBoxApp" */;
			buildPhases = (
				15DFCEBCD9BDF28DB10329B3 /* [CP] Check Pods Manifest.lock */,
				6EF2CE832377BFC5005E64E4 /* Sources */,
				6EF2CE842377BFC5005E64E4 /* Frameworks */,
				6EF2CE852377BFC5005E64E4 /* Resources */,
				A9AF384BE3C91496813EFF74 /* [CP] Embed Pods Frameworks */,
				85007202939886F78E1E48B7 /* [CP] Copy Pods Resources */,
			);
			buildRules = (
			);
			dependencies = (
			);
			name = MemoryBoxApp;
			productName = MemoryBoxApp;
			productReference = 6EF2CE872377BFC5005E64E4 /* MemoryBoxApp.app */;
			productType = "com.apple.product-type.application";
		};
/* End PBXNativeTarget section */

/* Begin PBXProject section */
		6EF2CE7F2377BFC5005E64E4 /* Project object */ = {
			isa = PBXProject;
			attributes = {
				LastSwiftUpdateCheck = 1120;
				LastUpgradeCheck = 1120;
				ORGANIZATIONNAME = "Upma  Sharma";
				TargetAttributes = {
					6EF2CE862377BFC5005E64E4 = {
						CreatedOnToolsVersion = 11.2;
					};
				};
			};
			buildConfigurationList = 6EF2CE822377BFC5005E64E4 /* Build configuration list for PBXProject "MemoryBoxApp" */;
			compatibilityVersion = "Xcode 9.3";
			developmentRegion = en;
			hasScannedForEncodings = 0;
			knownRegions = (
				en,
				Base,
			);
			mainGroup = 6EF2CE7E2377BFC5005E64E4;
			productRefGroup = 6EF2CE882377BFC5005E64E4 /* Products */;
			projectDirPath = "";
			projectRoot = "";
			targets = (
				6EF2CE862377BFC5005E64E4 /* MemoryBoxApp */,
			);
		};
/* End PBXProject section */

/* Begin PBXResourcesBuildPhase section */
		6EF2CE852377BFC5005E64E4 /* Resources */ = {
			isa = PBXResourcesBuildPhase;
			buildActionMask = 2147483647;
			files = (
				6EF2CE972377BFC6005E64E4 /* LaunchScreen.storyboard in Resources */,
				6E7EA8472386E2C10069DEF4 /* GoogleService-Info.plist in Resources */,
				6EF2CE942377BFC6005E64E4 /* Assets.xcassets in Resources */,
				6EF2CE922377BFC5005E64E4 /* Main.storyboard in Resources */,
			);
			runOnlyForDeploymentPostprocessing = 0;
		};
/* End PBXResourcesBuildPhase section */

/* Begin PBXShellScriptBuildPhase section */
		15DFCEBCD9BDF28DB10329B3 /* [CP] Check Pods Manifest.lock */ = {
			isa = PBXShellScriptBuildPhase;
			buildActionMask = 2147483647;
			files = (
			);
			inputFileListPaths = (
			);
			inputPaths = (
				"${PODS_PODFILE_DIR_PATH}/Podfile.lock",
				"${PODS_ROOT}/Manifest.lock",
			);
			name = "[CP] Check Pods Manifest.lock";
			outputFileListPaths = (
			);
			outputPaths = (
				"$(DERIVED_FILE_DIR)/Pods-MemoryBoxApp-checkManifestLockResult.txt",
			);
			runOnlyForDeploymentPostprocessing = 0;
			shellPath = /bin/sh;
			shellScript = "diff \"${PODS_PODFILE_DIR_PATH}/Podfile.lock\" \"${PODS_ROOT}/Manifest.lock\" > /dev/null\nif [ $? != 0 ] ; then\n    # print error to STDERR\n    echo \"error: The sandbox is not in sync with the Podfile.lock. Run 'pod install' or update your CocoaPods installation.\" >&2\n    exit 1\nfi\n# This output is used by Xcode 'outputs' to avoid re-running this script phase.\necho \"SUCCESS\" > \"${SCRIPT_OUTPUT_FILE_0}\"\n";
			showEnvVarsInLog = 0;
		};
		85007202939886F78E1E48B7 /* [CP] Copy Pods Resources */ = {
			isa = PBXShellScriptBuildPhase;
			buildActionMask = 2147483647;
			files = (
			);
			inputFileListPaths = (
				"${PODS_ROOT}/Target Support Files/Pods-MemoryBoxApp/Pods-MemoryBoxApp-resources-${CONFIGURATION}-input-files.xcfilelist",
			);
			name = "[CP] Copy Pods Resources";
			outputFileListPaths = (
				"${PODS_ROOT}/Target Support Files/Pods-MemoryBoxApp/Pods-MemoryBoxApp-resources-${CONFIGURATION}-output-files.xcfilelist",
			);
			runOnlyForDeploymentPostprocessing = 0;
			shellPath = /bin/sh;
			shellScript = "\"${PODS_ROOT}/Target Support Files/Pods-MemoryBoxApp/Pods-MemoryBoxApp-resources.sh\"\n";
			showEnvVarsInLog = 0;
		};
		A9AF384BE3C91496813EFF74 /* [CP] Embed Pods Frameworks */ = {
			isa = PBXShellScriptBuildPhase;
			buildActionMask = 2147483647;
			files = (
			);
			inputFileListPaths = (
				"${PODS_ROOT}/Target Support Files/Pods-MemoryBoxApp/Pods-MemoryBoxApp-frameworks-${CONFIGURATION}-input-files.xcfilelist",
			);
			name = "[CP] Embed Pods Frameworks";
			outputFileListPaths = (
				"${PODS_ROOT}/Target Support Files/Pods-MemoryBoxApp/Pods-MemoryBoxApp-frameworks-${CONFIGURATION}-output-files.xcfilelist",
			);
			runOnlyForDeploymentPostprocessing = 0;
			shellPath = /bin/sh;
			shellScript = "\"${PODS_ROOT}/Target Support Files/Pods-MemoryBoxApp/Pods-MemoryBoxApp-frameworks.sh\"\n";
			showEnvVarsInLog = 0;
		};
/* End PBXShellScriptBuildPhase section */

/* Begin PBXSourcesBuildPhase section */
		6EF2CE832377BFC5005E64E4 /* Sources */ = {
			isa = PBXSourcesBuildPhase;
			buildActionMask = 2147483647;
			files = (
				4E6992B8237DCB4A00243400 /* HomeViewController.swift in Sources */,
				6EF2CE8F2377BFC5005E64E4 /* SignInViewController.swift in Sources */,
				4E6992C0237DCCBA00243400 /* MemoryTableViewController.swift in Sources */,
				6EF2CE8B2377BFC5005E64E4 /* AppDelegate.swift in Sources */,
				4E6992BE237DCC8700243400 /* MemoryDetailViewController.swift in Sources */,
				4E6992C2237DCE1C00243400 /* MemoryMapViewController.swift in Sources */,
				4E6992BA237DCC4000243400 /* AddMemoryViewController.swift in Sources */,
				4E6992B6237DCB2600243400 /* SignUpViewController.swift in Sources */,
				4E32B016239047BC002F0FE0 /* Memory.swift in Sources */,
				6EF2CE8D2377BFC5005E64E4 /* SceneDelegate.swift in Sources */,
			);
			runOnlyForDeploymentPostprocessing = 0;
		};
/* End PBXSourcesBuildPhase section */

/* Begin PBXVariantGroup section */
		6EF2CE902377BFC5005E64E4 /* Main.storyboard */ = {
			isa = PBXVariantGroup;
			children = (
				6EF2CE912377BFC5005E64E4 /* Base */,
			);
			name = Main.storyboard;
			sourceTree = "<group>";
		};
		6EF2CE952377BFC6005E64E4 /* LaunchScreen.storyboard */ = {
			isa = PBXVariantGroup;
			children = (
				6EF2CE962377BFC6005E64E4 /* Base */,
			);
			name = LaunchScreen.storyboard;
			sourceTree = "<group>";
		};
/* End PBXVariantGroup section */

/* Begin XCBuildConfiguration section */
		6EF2CE992377BFC6005E64E4 /* Debug */ = {
			isa = XCBuildConfiguration;
			buildSettings = {
				ALWAYS_SEARCH_USER_PATHS = NO;
				CLANG_ANALYZER_NONNULL = YES;
				CLANG_ANALYZER_NUMBER_OBJECT_CONVERSION = YES_AGGRESSIVE;
				CLANG_CXX_LANGUAGE_STANDARD = "gnu++14";
				CLANG_CXX_LIBRARY = "libc++";
				CLANG_ENABLE_MODULES = YES;
				CLANG_ENABLE_OBJC_ARC = YES;
				CLANG_ENABLE_OBJC_WEAK = YES;
				CLANG_WARN_BLOCK_CAPTURE_AUTORELEASING = YES;
				CLANG_WARN_BOOL_CONVERSION = YES;
				CLANG_WARN_COMMA = YES;
				CLANG_WARN_CONSTANT_CONVERSION = YES;
				CLANG_WARN_DEPRECATED_OBJC_IMPLEMENTATIONS = YES;
				CLANG_WARN_DIRECT_OBJC_ISA_USAGE = YES_ERROR;
				CLANG_WARN_DOCUMENTATION_COMMENTS = YES;
				CLANG_WARN_EMPTY_BODY = YES;
				CLANG_WARN_ENUM_CONVERSION = YES;
				CLANG_WARN_INFINITE_RECURSION = YES;
				CLANG_WARN_INT_CONVERSION = YES;
				CLANG_WARN_NON_LITERAL_NULL_CONVERSION = YES;
				CLANG_WARN_OBJC_IMPLICIT_RETAIN_SELF = YES;
				CLANG_WARN_OBJC_LITERAL_CONVERSION = YES;
				CLANG_WARN_OBJC_ROOT_CLASS = YES_ERROR;
				CLANG_WARN_RANGE_LOOP_ANALYSIS = YES;
				CLANG_WARN_STRICT_PROTOTYPES = YES;
				CLANG_WARN_SUSPICIOUS_MOVE = YES;
				CLANG_WARN_UNGUARDED_AVAILABILITY = YES_AGGRESSIVE;
				CLANG_WARN_UNREACHABLE_CODE = YES;
				CLANG_WARN__DUPLICATE_METHOD_MATCH = YES;
				COPY_PHASE_STRIP = NO;
				DEBUG_INFORMATION_FORMAT = dwarf;
				ENABLE_STRICT_OBJC_MSGSEND = YES;
				ENABLE_TESTABILITY = YES;
				GCC_C_LANGUAGE_STANDARD = gnu11;
				GCC_DYNAMIC_NO_PIC = NO;
				GCC_NO_COMMON_BLOCKS = YES;
				GCC_OPTIMIZATION_LEVEL = 0;
				GCC_PREPROCESSOR_DEFINITIONS = (
					"DEBUG=1",
					"$(inherited)",
				);
				GCC_WARN_64_TO_32_BIT_CONVERSION = YES;
				GCC_WARN_ABOUT_RETURN_TYPE = YES_ERROR;
				GCC_WARN_UNDECLARED_SELECTOR = YES;
				GCC_WARN_UNINITIALIZED_AUTOS = YES_AGGRESSIVE;
				GCC_WARN_UNUSED_FUNCTION = YES;
				GCC_WARN_UNUSED_VARIABLE = YES;
				IPHONEOS_DEPLOYMENT_TARGET = 13.2;
				MTL_ENABLE_DEBUG_INFO = INCLUDE_SOURCE;
				MTL_FAST_MATH = YES;
				ONLY_ACTIVE_ARCH = YES;
				SDKROOT = iphoneos;
				SWIFT_ACTIVE_COMPILATION_CONDITIONS = DEBUG;
				SWIFT_OPTIMIZATION_LEVEL = "-Onone";
			};
			name = Debug;
		};
		6EF2CE9A2377BFC6005E64E4 /* Release */ = {
			isa = XCBuildConfiguration;
			buildSettings = {
				ALWAYS_SEARCH_USER_PATHS = NO;
				CLANG_ANALYZER_NONNULL = YES;
				CLANG_ANALYZER_NUMBER_OBJECT_CONVERSION = YES_AGGRESSIVE;
				CLANG_CXX_LANGUAGE_STANDARD = "gnu++14";
				CLANG_CXX_LIBRARY = "libc++";
				CLANG_ENABLE_MODULES = YES;
				CLANG_ENABLE_OBJC_ARC = YES;
				CLANG_ENABLE_OBJC_WEAK = YES;
				CLANG_WARN_BLOCK_CAPTURE_AUTORELEASING = YES;
				CLANG_WARN_BOOL_CONVERSION = YES;
				CLANG_WARN_COMMA = YES;
				CLANG_WARN_CONSTANT_CONVERSION = YES;
				CLANG_WARN_DEPRECATED_OBJC_IMPLEMENTATIONS = YES;
				CLANG_WARN_DIRECT_OBJC_ISA_USAGE = YES_ERROR;
				CLANG_WARN_DOCUMENTATION_COMMENTS = YES;
				CLANG_WARN_EMPTY_BODY = YES;
				CLANG_WARN_ENUM_CONVERSION = YES;
				CLANG_WARN_INFINITE_RECURSION = YES;
				CLANG_WARN_INT_CONVERSION = YES;
				CLANG_WARN_NON_LITERAL_NULL_CONVERSION = YES;
				CLANG_WARN_OBJC_IMPLICIT_RETAIN_SELF = YES;
				CLANG_WARN_OBJC_LITERAL_CONVERSION = YES;
				CLANG_WARN_OBJC_ROOT_CLASS = YES_ERROR;
				CLANG_WARN_RANGE_LOOP_ANALYSIS = YES;
				CLANG_WARN_STRICT_PROTOTYPES = YES;
				CLANG_WARN_SUSPICIOUS_MOVE = YES;
				CLANG_WARN_UNGUARDED_AVAILABILITY = YES_AGGRESSIVE;
				CLANG_WARN_UNREACHABLE_CODE = YES;
				CLANG_WARN__DUPLICATE_METHOD_MATCH = YES;
				COPY_PHASE_STRIP = NO;
				DEBUG_INFORMATION_FORMAT = "dwarf-with-dsym";
				ENABLE_NS_ASSERTIONS = NO;
				ENABLE_STRICT_OBJC_MSGSEND = YES;
				GCC_C_LANGUAGE_STANDARD = gnu11;
				GCC_NO_COMMON_BLOCKS = YES;
				GCC_WARN_64_TO_32_BIT_CONVERSION = YES;
				GCC_WARN_ABOUT_RETURN_TYPE = YES_ERROR;
				GCC_WARN_UNDECLARED_SELECTOR = YES;
				GCC_WARN_UNINITIALIZED_AUTOS = YES_AGGRESSIVE;
				GCC_WARN_UNUSED_FUNCTION = YES;
				GCC_WARN_UNUSED_VARIABLE = YES;
				IPHONEOS_DEPLOYMENT_TARGET = 13.2;
				MTL_ENABLE_DEBUG_INFO = NO;
				MTL_FAST_MATH = YES;
				SDKROOT = iphoneos;
				SWIFT_COMPILATION_MODE = wholemodule;
				SWIFT_OPTIMIZATION_LEVEL = "-O";
				VALIDATE_PRODUCT = YES;
			};
			name = Release;
		};
		6EF2CE9C2377BFC6005E64E4 /* Debug */ = {
			isa = XCBuildConfiguration;
			baseConfigurationReference = F011A6FBDDB3EDCFCD9ED08A /* Pods-MemoryBoxApp.debug.xcconfig */;
			buildSettings = {
				ASSETCATALOG_COMPILER_APPICON_NAME = AppIcon;
				CODE_SIGN_STYLE = Automatic;
				DEVELOPMENT_TEAM = 5T7PNHL3RZ;
				INFOPLIST_FILE = MemoryBoxApp/Info.plist;
				LD_RUNPATH_SEARCH_PATHS = (
					"$(inherited)",
					"@executable_path/Frameworks",
				);
				PRODUCT_BUNDLE_IDENTIFIER = ca.upmasharma.MemoryBoxApp;
				PRODUCT_NAME = "$(TARGET_NAME)";
				SWIFT_VERSION = 5.0;
				TARGETED_DEVICE_FAMILY = "1,2";
			};
			name = Debug;
		};
		6EF2CE9D2377BFC6005E64E4 /* Release */ = {
			isa = XCBuildConfiguration;
			baseConfigurationReference = B9294CA68D7A51BBD50A6B42 /* Pods-MemoryBoxApp.release.xcconfig */;
			buildSettings = {
				ASSETCATALOG_COMPILER_APPICON_NAME = AppIcon;
				CODE_SIGN_STYLE = Automatic;
				DEVELOPMENT_TEAM = 5T7PNHL3RZ;
				INFOPLIST_FILE = MemoryBoxApp/Info.plist;
				LD_RUNPATH_SEARCH_PATHS = (
					"$(inherited)",
					"@executable_path/Frameworks",
				);
				PRODUCT_BUNDLE_IDENTIFIER = ca.upmasharma.MemoryBoxApp;
				PRODUCT_NAME = "$(TARGET_NAME)";
				SWIFT_VERSION = 5.0;
				TARGETED_DEVICE_FAMILY = "1,2";
			};
			name = Release;
		};
/* End XCBuildConfiguration section */

/* Begin XCConfigurationList section */
		6EF2CE822377BFC5005E64E4 /* Build configuration list for PBXProject "MemoryBoxApp" */ = {
			isa = XCConfigurationList;
			buildConfigurations = (
				6EF2CE992377BFC6005E64E4 /* Debug */,
				6EF2CE9A2377BFC6005E64E4 /* Release */,
			);
			defaultConfigurationIsVisible = 0;
			defaultConfigurationName = Release;
		};
		6EF2CE9B2377BFC6005E64E4 /* Build configuration list for PBXNativeTarget "MemoryBoxApp" */ = {
			isa = XCConfigurationList;
			buildConfigurations = (
				6EF2CE9C2377BFC6005E64E4 /* Debug */,
				6EF2CE9D2377BFC6005E64E4 /* Release */,
			);
			defaultConfigurationIsVisible = 0;
			defaultConfigurationName = Release;
		};
/* End XCConfigurationList section */
	};
	rootObject = 6EF2CE7F2377BFC5005E64E4 /* Project object */;
}
